
Microsoft Visual Studio Solution File, Format Version 12.00
# Visual Studio Version 17
VisualStudioVersion = 17.7.34221.43
MinimumVisualStudioVersion = 10.0.40219.1
Project("{FAE04EC0-301F-11D3-BF4B-00C04F79EFBC}") = "CRM", "CRM\CRM.csproj", "{F10B6407-99E4-4D92-9967-2FB9FEEF5016}"
EndProject
Global
	GlobalSection(SolutionConfigurationPlatforms) = preSolution
		Debug|Any CPU = Debug|Any CPU
		Release|Any CPU = Release|Any CPU
	EndGlobalSection
	GlobalSection(ProjectConfigurationPlatforms) = postSolution
		{F10B6407-99E4-4D92-9967-2FB9FEEF5016}.Debug|Any CPU.ActiveCfg = Debug|Any CPU
		{F10B6407-99E4-4D92-9967-2FB9FEEF5016}.Debug|Any CPU.Build.0 = Debug|Any CPU
		{F10B6407-99E4-4D92-9967-2FB9FEEF5016}.Release|Any CPU.ActiveCfg = Release|Any CPU
		{F10B6407-99E4-4D92-9967-2FB9FEEF5016}.Release|Any CPU.Build.0 = Release|Any CPU
	EndGlobalSection
	GlobalSection(SolutionProperties) = preSolution
		HideSolutionNode = FALSE
	EndGlobalSection
	GlobalSection(ExtensibilityGlobals) = postSolution
		SolutionGuid = {AB91C6F6-4A36-413F-A6F7-7EF7C71F4E31}
	EndGlobalSection
EndGlobal
